
Microsoft Visual Studio Solution File, Format Version 12.00
# Visual Studio Version 17
VisualStudioVersion = 17.4.33205.214
MinimumVisualStudioVersion = 10.0.40219.1
Project("{9A19103F-16F7-4668-BE54-9A1E7A4F7556}") = "FirstFractalPet", "FirstFractalPet.csproj", "{47C1F098-06F9-4784-A774-8DD3646DCE71}"
EndProject
Global
	GlobalSection(SolutionConfigurationPlatforms) = preSolution
		Debug|Any CPU = Debug|Any CPU
		Release|Any CPU = Release|Any CPU
	EndGlobalSection
	GlobalSection(ProjectConfigurationPlatforms) = postSolution
		{47C1F098-06F9-4784-A774-8DD3646DCE71}.Debug|Any CPU.ActiveCfg = Debug|Any CPU
		{47C1F098-06F9-4784-A774-8DD3646DCE71}.Debug|Any CPU.Build.0 = Debug|Any CPU
		{47C1F098-06F9-4784-A774-8DD3646DCE71}.Release|Any CPU.ActiveCfg = Release|Any CPU
		{47C1F098-06F9-4784-A774-8DD3646DCE71}.Release|Any CPU.Build.0 = Release|Any CPU
	EndGlobalSection
	GlobalSection(SolutionProperties) = preSolution
		HideSolutionNode = FALSE
	EndGlobalSection
	GlobalSection(ExtensibilityGlobals) = postSolution
		SolutionGuid = {AF7A7046-A549-48CE-A499-CB982F43A45B}
	EndGlobalSection
EndGlobal
